{
  "requires": true,
  "lockfileVersion": 1,
  "dependencies": {
    "hotkeys-js": {
      "version": "3.8.1",
      "resolved": "https://registry.npmjs.org/hotkeys-js/-/hotkeys-js-3.8.1.tgz",
      "integrity": "sha512-YlhVQtyG9f1b7GhtzdhR0Pl+cImD1ZrKI6zYUa7QLd0zuThiL7RzZ+ANJyy7z+kmcCpNYBf5PjBa3CjiQ5PFpw=="
    },
    "lodash": {
      "version": "4.17.20",
      "resolved": "https://registry.npmjs.org/lodash/-/lodash-4.17.20.tgz",
      "integrity": "sha512-PlhdFcillOINfeV7Ni6oF1TAEayyZBoZ8bcshTHqOYJYlrqzRK5hagpagky5o4HfCzzd1TRkXPMFq6cKk9rGmA=="
    }
  }
}
